
Microsoft Visual Studio Solution File, Format Version 12.00
# Visual Studio Version 16
VisualStudioVersion = 16.0.30503.244
MinimumVisualStudioVersion = 10.0.40219.1
Project("{9A19103F-16F7-4668-BE54-9A1E7A4F7556}") = "Opine.Server", "Opine\Server\Opine.Server.csproj", "{7DBCD666-DC56-413A-84FD-6783FDB9C6B6}"
EndProject
Project("{9A19103F-16F7-4668-BE54-9A1E7A4F7556}") = "Opine.Client", "Opine\Client\Opine.Client.csproj", "{9CF0CCB6-7C6F-4A31-9132-80EE78895CEB}"
EndProject
Project("{9A19103F-16F7-4668-BE54-9A1E7A4F7556}") = "Opine.Shared", "Opine\Shared\Opine.Shared.csproj", "{293D3B83-CC19-4ED5-BDDF-AF3E47C45901}"
EndProject
Global
	GlobalSection(SolutionConfigurationPlatforms) = preSolution
		Debug|Any CPU = Debug|Any CPU
		Release|Any CPU = Release|Any CPU
	EndGlobalSection
	GlobalSection(ProjectConfigurationPlatforms) = postSolution
		{7DBCD666-DC56-413A-84FD-6783FDB9C6B6}.Debug|Any CPU.ActiveCfg = Debug|Any CPU
		{7DBCD666-DC56-413A-84FD-6783FDB9C6B6}.Debug|Any CPU.Build.0 = Debug|Any CPU
		{7DBCD666-DC56-413A-84FD-6783FDB9C6B6}.Release|Any CPU.ActiveCfg = Release|Any CPU
		{7DBCD666-DC56-413A-84FD-6783FDB9C6B6}.Release|Any CPU.Build.0 = Release|Any CPU
		{9CF0CCB6-7C6F-4A31-9132-80EE78895CEB}.Debug|Any CPU.ActiveCfg = Debug|Any CPU
		{9CF0CCB6-7C6F-4A31-9132-80EE78895CEB}.Debug|Any CPU.Build.0 = Debug|Any CPU
		{9CF0CCB6-7C6F-4A31-9132-80EE78895CEB}.Release|Any CPU.ActiveCfg = Release|Any CPU
		{9CF0CCB6-7C6F-4A31-9132-80EE78895CEB}.Release|Any CPU.Build.0 = Release|Any CPU
		{293D3B83-CC19-4ED5-BDDF-AF3E47C45901}.Debug|Any CPU.ActiveCfg = Debug|Any CPU
		{293D3B83-CC19-4ED5-BDDF-AF3E47C45901}.Debug|Any CPU.Build.0 = Debug|Any CPU
		{293D3B83-CC19-4ED5-BDDF-AF3E47C45901}.Release|Any CPU.ActiveCfg = Release|Any CPU
		{293D3B83-CC19-4ED5-BDDF-AF3E47C45901}.Release|Any CPU.Build.0 = Release|Any CPU
	EndGlobalSection
	GlobalSection(SolutionProperties) = preSolution
		HideSolutionNode = FALSE
	EndGlobalSection
	GlobalSection(ExtensibilityGlobals) = postSolution
		SolutionGuid = {C9C59857-101A-4392-9BF0-7FF32B5C065A}
	EndGlobalSection
EndGlobal
